// !$*UTF8*$!
{
	archiveVersion = 1;
	classes = {
	};
	objectVersion = 50;
	objects = {

/* Begin PBXBuildFile section */
		23D40B90210A1E8800E5E6DF /* AppDelegate.swift in Sources */ = {isa = PBXBuildFile; fileRef = 23D40B8F210A1E8800E5E6DF /* AppDelegate.swift */; };
		23D40B92210A1E8800E5E6DF /* ViewController.swift in Sources */ = {isa = PBXBuildFile; fileRef = 23D40B91210A1E8800E5E6DF /* ViewController.swift */; };
		23D40B95210A1E8800E5E6DF /* Main.storyboard in Resources */ = {isa = PBXBuildFile; fileRef = 23D40B93210A1E8800E5E6DF /* Main.storyboard */; };
		23D40B97210A1E8A00E5E6DF /* Assets.xcassets in Resources */ = {isa = PBXBuildFile; fileRef = 23D40B96210A1E8A00E5E6DF /* Assets.xcassets */; };
		23D40B9A210A1E8A00E5E6DF /* LaunchScreen.storyboard in Resources */ = {isa = PBXBuildFile; fileRef = 23D40B98210A1E8A00E5E6DF /* LaunchScreen.storyboard */; };
/* End PBXBuildFile section */

/* Begin PBXFileReference section */
		23D40B8C210A1E8800E5E6DF /* timers.app */ = {isa = PBXFileReference; explicitFileType = wrapper.application; includeInIndex = 0; path = timers.app; sourceTree = BUILT_PRODUCTS_DIR; };
		23D40B8F210A1E8800E5E6DF /* AppDelegate.swift */ = {isa = PBXFileReference; lastKnownFileType = sourcecode.swift; path = AppDelegate.swift; sourceTree = "<group>"; };
		23D40B91210A1E8800E5E6DF /* ViewController.swift */ = {isa = PBXFileReference; lastKnownFileType = sourcecode.swift; path = ViewController.swift; sourceTree = "<group>"; };
		23D40B94210A1E8800E5E6DF /* Base */ = {isa = PBXFileReference; lastKnownFileType = file.storyboard; name = Base; path = Base.lproj/Main.storyboard; sourceTree = "<group>"; };
		23D40B96210A1E8A00E5E6DF /* Assets.xcassets */ = {isa = PBXFileReference; lastKnownFileType = folder.assetcatalog; path = Assets.xcassets; sourceTree = "<group>"; };
		23D40B99210A1E8A00E5E6DF /* Base */ = {isa = PBXFileReference; lastKnownFileType = file.storyboard; name = Base; path = Base.lproj/LaunchScreen.storyboard; sourceTree = "<group>"; };
		23D40B9B210A1E8A00E5E6DF /* Info.plist */ = {isa = PBXFileReference; lastKnownFileType = text.plist.xml; path = Info.plist; sourceTree = "<group>"; };
/* End PBXFileReference section */

/* Begin PBXFrameworksBuildPhase section */
		23D40B89210A1E8800E5E6DF /* Frameworks */ = {
			isa = PBXFrameworksBuildPhase;
			buildActionMask = 2147483647;
			files = (
			);
			runOnlyForDeploymentPostprocessing = 0;
		};
/* End PBXFrameworksBuildPhase section */

/* Begin PBXGroup section */
		23D40B83210A1E8700E5E6DF = {
			isa = PBXGroup;
			children = (
				23D40B8E210A1E8800E5E6DF /* timers */,
				23D40B8D210A1E8800E5E6DF /* Products */,
			);
			sourceTree = "<group>";
		};
		23D40B8D210A1E8800E5E6DF /* Products */ = {
			isa = PBXGroup;
			children = (
				23D40B8C210A1E8800E5E6DF /* timers.app */,
			);
			name = Products;
			sourceTree = "<group>";
		};
		23D40B8E210A1E8800E5E6DF /* timers */ = {
			isa = PBXGroup;
			children = (
				23D40B8F210A1E8800E5E6DF /* AppDelegate.swift */,
				23D40B91210A1E8800E5E6DF /* ViewController.swift */,
				23D40B93210A1E8800E5E6DF /* Main.storyboard */,
				23D40B96210A1E8A00E5E6DF /* Assets.xcassets */,
				23D40B98210A1E8A00E5E6DF /* LaunchScreen.storyboard */,
				23D40B9B210A1E8A00E5E6DF /* Info.plist */,
			);
			path = timers;
			sourceTree = "<group>";
		};
/* End PBXGroup section */

/* Begin PBXNativeTarget section */
		23D40B8B210A1E8800E5E6DF /* timers */ = {
			isa = PBXNativeTarget;
			buildConfigurationList = 23D40B9E210A1E8A00E5E6DF /* Build configuration list for PBXNativeTarget "timers" */;
			buildPhases = (
				23D40B88210A1E8800E5E6DF /* Sources */,
				23D40B89210A1E8800E5E6DF /* Frameworks */,
				23D40B8A210A1E8800E5E6DF /* Resources */,
			);
			buildRules = (
			);
			dependencies = (
			);
			name = timers;
			productName = timers;
			productReference = 23D40B8C210A1E8800E5E6DF /* timers.app */;
			productType = "com.apple.product-type.application";
		};
/* End PBXNativeTarget section */

/* Begin PBXProject section */
		23D40B84210A1E8700E5E6DF /* Project object */ = {
			isa = PBXProject;
			attributes = {
				LastSwiftUpdateCheck = 0940;
				LastUpgradeCheck = 0940;
				ORGANIZATIONNAME = "Emin Kotan";
				TargetAttributes = {
					23D40B8B210A1E8800E5E6DF = {
						CreatedOnToolsVersion = 9.4;
					};
				};
			};
			buildConfigurationList = 23D40B87210A1E8800E5E6DF /* Build configuration list for PBXProject "timers" */;
			compatibilityVersion = "Xcode 9.3";
			developmentRegion = en;
			hasScannedForEncodings = 0;
			knownRegions = (
				en,
				Base,
			);
			mainGroup = 23D40B83210A1E8700E5E6DF;
			productRefGroup = 23D40B8D210A1E8800E5E6DF /* Products */;
			projectDirPath = "";
			projectRoot = "";
			targets = (
				23D40B8B210A1E8800E5E6DF /* timers */,
			);
		};
/* End PBXProject section */

/* Begin PBXResourcesBuildPhase section */
		23D40B8A210A1E8800E5E6DF /* Resources */ = {
			isa = PBXResourcesBuildPhase;
			buildActionMask = 2147483647;
			files = (
				23D40B9A210A1E8A00E5E6DF /* LaunchScreen.storyboard in Resources */,
				23D40B97210A1E8A00E5E6DF /* Assets.xcassets in Resources */,
				23D40B95210A1E8800E5E6DF /* Main.storyboard in Resources */,
			);
			runOnlyForDeploymentPostprocessing = 0;
		};
/* End PBXResourcesBuildPhase section */

/* Begin PBXSourcesBuildPhase section */
		23D40B88210A1E8800E5E6DF /* Sources */ = {
			isa = PBXSourcesBuildPhase;
			buildActionMask = 2147483647;
			files = (
				23D40B92210A1E8800E5E6DF /* ViewController.swift in Sources */,
				23D40B90210A1E8800E5E6DF /* AppDelegate.swift in Sources */,
			);
			runOnlyForDeploymentPostprocessing = 0;
		};
/* End PBXSourcesBuildPhase section */

/* Begin PBXVariantGroup section */
		23D40B93210A1E8800E5E6DF /* Main.storyboard */ = {
			isa = PBXVariantGroup;
			children = (
				23D40B94210A1E8800E5E6DF /* Base */,
			);
			name = Main.storyboard;
			sourceTree = "<group>";
		};
		23D40B98210A1E8A00E5E6DF /* LaunchScreen.storyboard */ = {
			isa = PBXVariantGroup;
			children = (
				23D40B99210A1E8A00E5E6DF /* Base */,
			);
			name = LaunchScreen.storyboard;
			sourceTree = "<group>";
		};
/* End PBXVariantGroup section */

/* Begin XCBuildConfiguration section */
		23D40B9C210A1E8A00E5E6DF /* Debug */ = {
			isa = XCBuildConfiguration;
			buildSettings = {
				ALWAYS_SEARCH_USER_PATHS = NO;
				CLANG_ANALYZER_NONNULL = YES;
				CLANG_ANALYZER_NUMBER_OBJECT_CONVERSION = YES_AGGRESSIVE;
				CLANG_CXX_LANGUAGE_STANDARD = "gnu++14";
				CLANG_CXX_LIBRARY = "libc++";
				CLANG_ENABLE_MODULES = YES;
				CLANG_ENABLE_OBJC_ARC = YES;
				CLANG_ENABLE_OBJC_WEAK = YES;
				CLANG_WARN_BLOCK_CAPTURE_AUTORELEASING = YES;
				CLANG_WARN_BOOL_CONVERSION = YES;
				CLANG_WARN_COMMA = YES;
				CLANG_WARN_CONSTANT_CONVERSION = YES;
				CLANG_WARN_DEPRECATED_OBJC_IMPLEMENTATIONS = YES;
				CLANG_WARN_DIRECT_OBJC_ISA_USAGE = YES_ERROR;
				CLANG_WARN_DOCUMENTATION_COMMENTS = YES;
				CLANG_WARN_EMPTY_BODY = YES;
				CLANG_WARN_ENUM_CONVERSION = YES;
				CLANG_WARN_INFINITE_RECURSION = YES;
				CLANG_WARN_INT_CONVERSION = YES;
				CLANG_WARN_NON_LITERAL_NULL_CONVERSION = YES;
				CLANG_WARN_OBJC_IMPLICIT_RETAIN_SELF = YES;
				CLANG_WARN_OBJC_LITERAL_CONVERSION = YES;
				CLANG_WARN_OBJC_ROOT_CLASS = YES_ERROR;
				CLANG_WARN_RANGE_LOOP_ANALYSIS = YES;
				CLANG_WARN_STRICT_PROTOTYPES = YES;
				CLANG_WARN_SUSPICIOUS_MOVE = YES;
				CLANG_WARN_UNGUARDED_AVAILABILITY = YES_AGGRESSIVE;
				CLANG_WARN_UNREACHABLE_CODE = YES;
				CLANG_WARN__DUPLICATE_METHOD_MATCH = YES;
				CODE_SIGN_IDENTITY = "iPhone Developer";
				COPY_PHASE_STRIP = NO;
				DEBUG_INFORMATION_FORMAT = dwarf;
				ENABLE_STRICT_OBJC_MSGSEND = YES;
				ENABLE_TESTABILITY = YES;
				GCC_C_LANGUAGE_STANDARD = gnu11;
				GCC_DYNAMIC_NO_PIC = NO;
				GCC_NO_COMMON_BLOCKS = YES;
				GCC_OPTIMIZATION_LEVEL = 0;
				GCC_PREPROCESSOR_DEFINITIONS = (
					"DEBUG=1",
					"$(inherited)",
				);
				GCC_WARN_64_TO_32_BIT_CONVERSION = YES;
				GCC_WARN_ABOUT_RETURN_TYPE = YES_ERROR;
				GCC_WARN_UNDECLARED_SELECTOR = YES;
				GCC_WARN_UNINITIALIZED_AUTOS = YES_AGGRESSIVE;
				GCC_WARN_UNUSED_FUNCTION = YES;
				GCC_WARN_UNUSED_VARIABLE = YES;
				IPHONEOS_DEPLOYMENT_TARGET = 11.4;
				MTL_ENABLE_DEBUG_INFO = YES;
				ONLY_ACTIVE_ARCH = YES;
				SDKROOT = iphoneos;
				SWIFT_ACTIVE_COMPILATION_CONDITIONS = DEBUG;
				SWIFT_OPTIMIZATION_LEVEL = "-Onone";
			};
			name = Debug;
		};
		23D40B9D210A1E8A00E5E6DF /* Release */ = {
			isa = XCBuildConfiguration;
			buildSettings = {
				ALWAYS_SEARCH_USER_PATHS = NO;
				CLANG_ANALYZER_NONNULL = YES;
				CLANG_ANALYZER_NUMBER_OBJECT_CONVERSION = YES_AGGRESSIVE;
				CLANG_CXX_LANGUAGE_STANDARD = "gnu++14";
				CLANG_CXX_LIBRARY = "libc++";
				CLANG_ENABLE_MODULES = YES;
				CLANG_ENABLE_OBJC_ARC = YES;
				CLANG_ENABLE_OBJC_WEAK = YES;
				CLANG_WARN_BLOCK_CAPTURE_AUTORELEASING = YES;
				CLANG_WARN_BOOL_CONVERSION = YES;
				CLANG_WARN_COMMA = YES;
				CLANG_WARN_CONSTANT_CONVERSION = YES;
				CLANG_WARN_DEPRECATED_OBJC_IMPLEMENTATIONS = YES;
				CLANG_WARN_DIRECT_OBJC_ISA_USAGE = YES_ERROR;
				CLANG_WARN_DOCUMENTATION_COMMENTS = YES;
				CLANG_WARN_EMPTY_BODY = YES;
				CLANG_WARN_ENUM_CONVERSION = YES;
				CLANG_WARN_INFINITE_RECURSION = YES;
				CLANG_WARN_INT_CONVERSION = YES;
				CLANG_WARN_NON_LITERAL_NULL_CONVERSION = YES;
				CLANG_WARN_OBJC_IMPLICIT_RETAIN_SELF = YES;
				CLANG_WARN_OBJC_LITERAL_CONVERSION = YES;
				CLANG_WARN_OBJC_ROOT_CLASS = YES_ERROR;
				CLANG_WARN_RANGE_LOOP_ANALYSIS = YES;
				CLANG_WARN_STRICT_PROTOTYPES = YES;
				CLANG_WARN_SUSPICIOUS_MOVE = YES;
				CLANG_WARN_UNGUARDED_AVAILABILITY = YES_AGGRESSIVE;
				CLANG_WARN_UNREACHABLE_CODE = YES;
				CLANG_WARN__DUPLICATE_METHOD_MATCH = YES;
				CODE_SIGN_IDENTITY = "iPhone Developer";
				COPY_PHASE_STRIP = NO;
				DEBUG_INFORMATION_FORMAT = "dwarf-with-dsym";
				ENABLE_NS_ASSERTIONS = NO;
				ENABLE_STRICT_OBJC_MSGSEND = YES;
				GCC_C_LANGUAGE_STANDARD = gnu11;
				GCC_NO_COMMON_BLOCKS = YES;
				GCC_WARN_64_TO_32_BIT_CONVERSION = YES;
				GCC_WARN_ABOUT_RETURN_TYPE = YES_ERROR;
				GCC_WARN_UNDECLARED_SELECTOR = YES;
				GCC_WARN_UNINITIALIZED_AUTOS = YES_AGGRESSIVE;
				GCC_WARN_UNUSED_FUNCTION = YES;
				GCC_WARN_UNUSED_VARIABLE = YES;
				IPHONEOS_DEPLOYMENT_TARGET = 11.4;
				MTL_ENABLE_DEBUG_INFO = NO;
				SDKROOT = iphoneos;
				SWIFT_COMPILATION_MODE = wholemodule;
				SWIFT_OPTIMIZATION_LEVEL = "-O";
				VALIDATE_PRODUCT = YES;
			};
			name = Release;
		};
		23D40B9F210A1E8A00E5E6DF /* Debug */ = {
			isa = XCBuildConfiguration;
			buildSettings = {
				ASSETCATALOG_COMPILER_APPICON_NAME = AppIcon;
				CODE_SIGN_STYLE = Automatic;
				DEVELOPMENT_TEAM = 3ZHPK5BXAA;
				INFOPLIST_FILE = timers/Info.plist;
				LD_RUNPATH_SEARCH_PATHS = (
					"$(inherited)",
					"@executable_path/Frameworks",
				);
				PRODUCT_BUNDLE_IDENTIFIER = EminKotan..timers;
				PRODUCT_NAME = "$(TARGET_NAME)";
				SWIFT_VERSION = 4.0;
				TARGETED_DEVICE_FAMILY = "1,2";
			};
			name = Debug;
		};
		23D40BA0210A1E8A00E5E6DF /* Release */ = {
			isa = XCBuildConfiguration;
			buildSettings = {
				ASSETCATALOG_COMPILER_APPICON_NAME = AppIcon;
				CODE_SIGN_STYLE = Automatic;
				DEVELOPMENT_TEAM = 3ZHPK5BXAA;
				INFOPLIST_FILE = timers/Info.plist;
				LD_RUNPATH_SEARCH_PATHS = (
					"$(inherited)",
					"@executable_path/Frameworks",
				);
				PRODUCT_BUNDLE_IDENTIFIER = EminKotan..timers;
				PRODUCT_NAME = "$(TARGET_NAME)";
				SWIFT_VERSION = 4.0;
				TARGETED_DEVICE_FAMILY = "1,2";
			};
			name = Release;
		};
/* End XCBuildConfiguration section */

/* Begin XCConfigurationList section */
		23D40B87210A1E8800E5E6DF /* Build configuration list for PBXProject "timers" */ = {
			isa = XCConfigurationList;
			buildConfigurations = (
				23D40B9C210A1E8A00E5E6DF /* Debug */,
				23D40B9D210A1E8A00E5E6DF /* Release */,
			);
			defaultConfigurationIsVisible = 0;
			defaultConfigurationName = Release;
		};
		23D40B9E210A1E8A00E5E6DF /* Build configuration list for PBXNativeTarget "timers" */ = {
			isa = XCConfigurationList;
			buildConfigurations = (
				23D40B9F210A1E8A00E5E6DF /* Debug */,
				23D40BA0210A1E8A00E5E6DF /* Release */,
			);
			defaultConfigurationIsVisible = 0;
			defaultConfigurationName = Release;
		};
/* End XCConfigurationList section */
	};
	rootObject = 23D40B84210A1E8700E5E6DF /* Project object */;
}
